// !$*UTF8*$!
{
	archiveVersion = 1;
	classes = {
	};
	objectVersion = 46;
	objects = {

/* Begin PBXBuildFile section */
		D85B58961B448AD800136713 /* main.m in Sources */ = {isa = PBXBuildFile; fileRef = D85B58951B448AD800136713 /* main.m */; };
		D85B58991B448AD800136713 /* AppDelegate.m in Sources */ = {isa = PBXBuildFile; fileRef = D85B58981B448AD800136713 /* AppDelegate.m */; };
		D85B589C1B448AD800136713 /* ViewController.m in Sources */ = {isa = PBXBuildFile; fileRef = D85B589B1B448AD800136713 /* ViewController.m */; };
		D85B589F1B448AD800136713 /* Main.storyboard in Resources */ = {isa = PBXBuildFile; fileRef = D85B589D1B448AD800136713 /* Main.storyboard */; };
		D85B58A11B448AD800136713 /* Images.xcassets in Resources */ = {isa = PBXBuildFile; fileRef = D85B58A01B448AD800136713 /* Images.xcassets */; };
		D85B58A41B448AD800136713 /* LaunchScreen.xib in Resources */ = {isa = PBXBuildFile; fileRef = D85B58A21B448AD800136713 /* LaunchScreen.xib */; };
		D85B58B01B448AD900136713 /* Demo_______Tests.m in Sources */ = {isa = PBXBuildFile; fileRef = D85B58AF1B448AD900136713 /* Demo_______Tests.m */; };
/* End PBXBuildFile section */

/* Begin PBXContainerItemProxy section */
		D85B58AA1B448AD800136713 /* PBXContainerItemProxy */ = {
			isa = PBXContainerItemProxy;
			containerPortal = D85B58881B448AD700136713 /* Project object */;
			proxyType = 1;
			remoteGlobalIDString = D85B588F1B448AD700136713;
			remoteInfo = "Demo_本地获取照片";
		};
/* End PBXContainerItemProxy section */

/* Begin PBXFileReference section */
		D85B58901B448AD700136713 /* Demo_本地获取照片.app */ = {isa = PBXFileReference; explicitFileType = wrapper.application; includeInIndex = 0; path = "Demo_本地获取照片.app"; sourceTree = BUILT_PRODUCTS_DIR; };
		D85B58941B448AD700136713 /* Info.plist */ = {isa = PBXFileReference; lastKnownFileType = text.plist.xml; path = Info.plist; sourceTree = "<group>"; };
		D85B58951B448AD800136713 /* main.m */ = {isa = PBXFileReference; lastKnownFileType = sourcecode.c.objc; path = main.m; sourceTree = "<group>"; };
		D85B58971B448AD800136713 /* AppDelegate.h */ = {isa = PBXFileReference; lastKnownFileType = sourcecode.c.h; path = AppDelegate.h; sourceTree = "<group>"; };
		D85B58981B448AD800136713 /* AppDelegate.m */ = {isa = PBXFileReference; lastKnownFileType = sourcecode.c.objc; path = AppDelegate.m; sourceTree = "<group>"; };
		D85B589A1B448AD800136713 /* ViewController.h */ = {isa = PBXFileReference; lastKnownFileType = sourcecode.c.h; path = ViewController.h; sourceTree = "<group>"; };
		D85B589B1B448AD800136713 /* ViewController.m */ = {isa = PBXFileReference; lastKnownFileType = sourcecode.c.objc; path = ViewController.m; sourceTree = "<group>"; };
		D85B589E1B448AD800136713 /* Base */ = {isa = PBXFileReference; lastKnownFileType = file.storyboard; name = Base; path = Base.lproj/Main.storyboard; sourceTree = "<group>"; };
		D85B58A01B448AD800136713 /* Images.xcassets */ = {isa = PBXFileReference; lastKnownFileType = folder.assetcatalog; path = Images.xcassets; sourceTree = "<group>"; };
		D85B58A31B448AD800136713 /* Base */ = {isa = PBXFileReference; lastKnownFileType = file.xib; name = Base; path = Base.lproj/LaunchScreen.xib; sourceTree = "<group>"; };
		D85B58A91B448AD800136713 /* Demo_本地获取照片Tests.xctest */ = {isa = PBXFileReference; explicitFileType = wrapper.cfbundle; includeInIndex = 0; path = "Demo_本地获取照片Tests.xctest"; sourceTree = BUILT_PRODUCTS_DIR; };
		D85B58AE1B448AD800136713 /* Info.plist */ = {isa = PBXFileReference; lastKnownFileType = text.plist.xml; path = Info.plist; sourceTree = "<group>"; };
		D85B58AF1B448AD900136713 /* Demo_______Tests.m */ = {isa = PBXFileReference; lastKnownFileType = sourcecode.c.objc; path = "Demo_______Tests.m"; sourceTree = "<group>"; };
/* End PBXFileReference section */

/* Begin PBXFrameworksBuildPhase section */
		D85B588D1B448AD700136713 /* Frameworks */ = {
			isa = PBXFrameworksBuildPhase;
			buildActionMask = 2147483647;
			files = (
			);
			runOnlyForDeploymentPostprocessing = 0;
		};
		D85B58A61B448AD800136713 /* Frameworks */ = {
			isa = PBXFrameworksBuildPhase;
			buildActionMask = 2147483647;
			files = (
			);
			runOnlyForDeploymentPostprocessing = 0;
		};
/* End PBXFrameworksBuildPhase section */

/* Begin PBXGroup section */
		D85B58871B448AD700136713 = {
			isa = PBXGroup;
			children = (
				D85B58921B448AD700136713 /* Demo_本地获取照片 */,
				D85B58AC1B448AD800136713 /* Demo_本地获取照片Tests */,
				D85B58911B448AD700136713 /* Products */,
			);
			sourceTree = "<group>";
		};
		D85B58911B448AD700136713 /* Products */ = {
			isa = PBXGroup;
			children = (
				D85B58901B448AD700136713 /* Demo_本地获取照片.app */,
				D85B58A91B448AD800136713 /* Demo_本地获取照片Tests.xctest */,
			);
			name = Products;
			sourceTree = "<group>";
		};
		D85B58921B448AD700136713 /* Demo_本地获取照片 */ = {
			isa = PBXGroup;
			children = (
				D85B58971B448AD800136713 /* AppDelegate.h */,
				D85B58981B448AD800136713 /* AppDelegate.m */,
				D85B589A1B448AD800136713 /* ViewController.h */,
				D85B589B1B448AD800136713 /* ViewController.m */,
				D85B589D1B448AD800136713 /* Main.storyboard */,
				D85B58A01B448AD800136713 /* Images.xcassets */,
				D85B58A21B448AD800136713 /* LaunchScreen.xib */,
				D85B58931B448AD700136713 /* Supporting Files */,
			);
			path = "Demo_本地获取照片";
			sourceTree = "<group>";
		};
		D85B58931B448AD700136713 /* Supporting Files */ = {
			isa = PBXGroup;
			children = (
				D85B58941B448AD700136713 /* Info.plist */,
				D85B58951B448AD800136713 /* main.m */,
			);
			name = "Supporting Files";
			sourceTree = "<group>";
		};
		D85B58AC1B448AD800136713 /* Demo_本地获取照片Tests */ = {
			isa = PBXGroup;
			children = (
				D85B58AF1B448AD900136713 /* Demo_______Tests.m */,
				D85B58AD1B448AD800136713 /* Supporting Files */,
			);
			path = "Demo_本地获取照片Tests";
			sourceTree = "<group>";
		};
		D85B58AD1B448AD800136713 /* Supporting Files */ = {
			isa = PBXGroup;
			children = (
				D85B58AE1B448AD800136713 /* Info.plist */,
			);
			name = "Supporting Files";
			sourceTree = "<group>";
		};
/* End PBXGroup section */

/* Begin PBXNativeTarget section */
		D85B588F1B448AD700136713 /* Demo_本地获取照片 */ = {
			isa = PBXNativeTarget;
			buildConfigurationList = D85B58B31B448AD900136713 /* Build configuration list for PBXNativeTarget "Demo_本地获取照片" */;
			buildPhases = (
				D85B588C1B448AD700136713 /* Sources */,
				D85B588D1B448AD700136713 /* Frameworks */,
				D85B588E1B448AD700136713 /* Resources */,
			);
			buildRules = (
			);
			dependencies = (
			);
			name = "Demo_本地获取照片";
			productName = "Demo_本地获取照片";
			productReference = D85B58901B448AD700136713 /* Demo_本地获取照片.app */;
			productType = "com.apple.product-type.application";
		};
		D85B58A81B448AD800136713 /* Demo_本地获取照片Tests */ = {
			isa = PBXNativeTarget;
			buildConfigurationList = D85B58B61B448AD900136713 /* Build configuration list for PBXNativeTarget "Demo_本地获取照片Tests" */;
			buildPhases = (
				D85B58A51B448AD800136713 /* Sources */,
				D85B58A61B448AD800136713 /* Frameworks */,
				D85B58A71B448AD800136713 /* Resources */,
			);
			buildRules = (
			);
			dependencies = (
				D85B58AB1B448AD800136713 /* PBXTargetDependency */,
			);
			name = "Demo_本地获取照片Tests";
			productName = "Demo_本地获取照片Tests";
			productReference = D85B58A91B448AD800136713 /* Demo_本地获取照片Tests.xctest */;
			productType = "com.apple.product-type.bundle.unit-test";
		};
/* End PBXNativeTarget section */

/* Begin PBXProject section */
		D85B58881B448AD700136713 /* Project object */ = {
			isa = PBXProject;
			attributes = {
				LastUpgradeCheck = 0610;
				ORGANIZATIONNAME = "zhang xianglu";
				TargetAttributes = {
					D85B588F1B448AD700136713 = {
						CreatedOnToolsVersion = 6.1.1;
					};
					D85B58A81B448AD800136713 = {
						CreatedOnToolsVersion = 6.1.1;
						TestTargetID = D85B588F1B448AD700136713;
					};
				};
			};
			buildConfigurationList = D85B588B1B448AD700136713 /* Build configuration list for PBXProject "Demo_本地获取照片" */;
			compatibilityVersion = "Xcode 3.2";
			developmentRegion = English;
			hasScannedForEncodings = 0;
			knownRegions = (
				en,
				Base,
			);
			mainGroup = D85B58871B448AD700136713;
			productRefGroup = D85B58911B448AD700136713 /* Products */;
			projectDirPath = "";
			projectRoot = "";
			targets = (
				D85B588F1B448AD700136713 /* Demo_本地获取照片 */,
				D85B58A81B448AD800136713 /* Demo_本地获取照片Tests */,
			);
		};
/* End PBXProject section */

/* Begin PBXResourcesBuildPhase section */
		D85B588E1B448AD700136713 /* Resources */ = {
			isa = PBXResourcesBuildPhase;
			buildActionMask = 2147483647;
			files = (
				D85B589F1B448AD800136713 /* Main.storyboard in Resources */,
				D85B58A41B448AD800136713 /* LaunchScreen.xib in Resources */,
				D85B58A11B448AD800136713 /* Images.xcassets in Resources */,
			);
			runOnlyForDeploymentPostprocessing = 0;
		};
		D85B58A71B448AD800136713 /* Resources */ = {
			isa = PBXResourcesBuildPhase;
			buildActionMask = 2147483647;
			files = (
			);
			runOnlyForDeploymentPostprocessing = 0;
		};
/* End PBXResourcesBuildPhase section */

/* Begin PBXSourcesBuildPhase section */
		D85B588C1B448AD700136713 /* Sources */ = {
			isa = PBXSourcesBuildPhase;
			buildActionMask = 2147483647;
			files = (
				D85B589C1B448AD800136713 /* ViewController.m in Sources */,
				D85B58991B448AD800136713 /* AppDelegate.m in Sources */,
				D85B58961B448AD800136713 /* main.m in Sources */,
			);
			runOnlyForDeploymentPostprocessing = 0;
		};
		D85B58A51B448AD800136713 /* Sources */ = {
			isa = PBXSourcesBuildPhase;
			buildActionMask = 2147483647;
			files = (
				D85B58B01B448AD900136713 /* Demo_______Tests.m in Sources */,
			);
			runOnlyForDeploymentPostprocessing = 0;
		};
/* End PBXSourcesBuildPhase section */

/* Begin PBXTargetDependency section */
		D85B58AB1B448AD800136713 /* PBXTargetDependency */ = {
			isa = PBXTargetDependency;
			target = D85B588F1B448AD700136713 /* Demo_本地获取照片 */;
			targetProxy = D85B58AA1B448AD800136713 /* PBXContainerItemProxy */;
		};
/* End PBXTargetDependency section */

/* Begin PBXVariantGroup section */
		D85B589D1B448AD800136713 /* Main.storyboard */ = {
			isa = PBXVariantGroup;
			children = (
				D85B589E1B448AD800136713 /* Base */,
			);
			name = Main.storyboard;
			sourceTree = "<group>";
		};
		D85B58A21B448AD800136713 /* LaunchScreen.xib */ = {
			isa = PBXVariantGroup;
			children = (
				D85B58A31B448AD800136713 /* Base */,
			);
			name = LaunchScreen.xib;
			sourceTree = "<group>";
		};
/* End PBXVariantGroup section */

/* Begin XCBuildConfiguration section */
		D85B58B11B448AD900136713 /* Debug */ = {
			isa = XCBuildConfiguration;
			buildSettings = {
				ALWAYS_SEARCH_USER_PATHS = NO;
				CLANG_CXX_LANGUAGE_STANDARD = "gnu++0x";
				CLANG_CXX_LIBRARY = "libc++";
				CLANG_ENABLE_MODULES = YES;
				CLANG_ENABLE_OBJC_ARC = YES;
				CLANG_WARN_BOOL_CONVERSION = YES;
				CLANG_WARN_CONSTANT_CONVERSION = YES;
				CLANG_WARN_DIRECT_OBJC_ISA_USAGE = YES_ERROR;
				CLANG_WARN_EMPTY_BODY = YES;
				CLANG_WARN_ENUM_CONVERSION = YES;
				CLANG_WARN_INT_CONVERSION = YES;
				CLANG_WARN_OBJC_ROOT_CLASS = YES_ERROR;
				CLANG_WARN_UNREACHABLE_CODE = YES;
				CLANG_WARN__DUPLICATE_METHOD_MATCH = YES;
				"CODE_SIGN_IDENTITY[sdk=iphoneos*]" = "iPhone Developer";
				COPY_PHASE_STRIP = NO;
				ENABLE_STRICT_OBJC_MSGSEND = YES;
				GCC_C_LANGUAGE_STANDARD = gnu99;
				GCC_DYNAMIC_NO_PIC = NO;
				GCC_OPTIMIZATION_LEVEL = 0;
				GCC_PREPROCESSOR_DEFINITIONS = (
					"DEBUG=1",
					"$(inherited)",
				);
				GCC_SYMBOLS_PRIVATE_EXTERN = NO;
				GCC_WARN_64_TO_32_BIT_CONVERSION = YES;
				GCC_WARN_ABOUT_RETURN_TYPE = YES_ERROR;
				GCC_WARN_UNDECLARED_SELECTOR = YES;
				GCC_WARN_UNINITIALIZED_AUTOS = YES_AGGRESSIVE;
				GCC_WARN_UNUSED_FUNCTION = YES;
				GCC_WARN_UNUSED_VARIABLE = YES;
				IPHONEOS_DEPLOYMENT_TARGET = 8.1;
				MTL_ENABLE_DEBUG_INFO = YES;
				ONLY_ACTIVE_ARCH = YES;
				SDKROOT = iphoneos;
			};
			name = Debug;
		};
		D85B58B21B448AD900136713 /* Release */ = {
			isa = XCBuildConfiguration;
			buildSettings = {
				ALWAYS_SEARCH_USER_PATHS = NO;
				CLANG_CXX_LANGUAGE_STANDARD = "gnu++0x";
				CLANG_CXX_LIBRARY = "libc++";
				CLANG_ENABLE_MODULES = YES;
				CLANG_ENABLE_OBJC_ARC = YES;
				CLANG_WARN_BOOL_CONVERSION = YES;
				CLANG_WARN_CONSTANT_CONVERSION = YES;
				CLANG_WARN_DIRECT_OBJC_ISA_USAGE = YES_ERROR;
				CLANG_WARN_EMPTY_BODY = YES;
				CLANG_WARN_ENUM_CONVERSION = YES;
				CLANG_WARN_INT_CONVERSION = YES;
				CLANG_WARN_OBJC_ROOT_CLASS = YES_ERROR;
				CLANG_WARN_UNREACHABLE_CODE = YES;
				CLANG_WARN__DUPLICATE_METHOD_MATCH = YES;
				"CODE_SIGN_IDENTITY[sdk=iphoneos*]" = "iPhone Developer";
				COPY_PHASE_STRIP = YES;
				ENABLE_NS_ASSERTIONS = NO;
				ENABLE_STRICT_OBJC_MSGSEND = YES;
				GCC_C_LANGUAGE_STANDARD = gnu99;
				GCC_WARN_64_TO_32_BIT_CONVERSION = YES;
				GCC_WARN_ABOUT_RETURN_TYPE = YES_ERROR;
				GCC_WARN_UNDECLARED_SELECTOR = YES;
				GCC_WARN_UNINITIALIZED_AUTOS = YES_AGGRESSIVE;
				GCC_WARN_UNUSED_FUNCTION = YES;
				GCC_WARN_UNUSED_VARIABLE = YES;
				IPHONEOS_DEPLOYMENT_TARGET = 8.1;
				MTL_ENABLE_DEBUG_INFO = NO;
				SDKROOT = iphoneos;
				VALIDATE_PRODUCT = YES;
			};
			name = Release;
		};
		D85B58B41B448AD900136713 /* Debug */ = {
			isa = XCBuildConfiguration;
			buildSettings = {
				ASSETCATALOG_COMPILER_APPICON_NAME = AppIcon;
				INFOPLIST_FILE = "Demo_本地获取照片/Info.plist";
				LD_RUNPATH_SEARCH_PATHS = "$(inherited) @executable_path/Frameworks";
				PRODUCT_NAME = "$(TARGET_NAME)";
			};
			name = Debug;
		};
		D85B58B51B448AD900136713 /* Release */ = {
			isa = XCBuildConfiguration;
			buildSettings = {
				ASSETCATALOG_COMPILER_APPICON_NAME = AppIcon;
				INFOPLIST_FILE = "Demo_本地获取照片/Info.plist";
				LD_RUNPATH_SEARCH_PATHS = "$(inherited) @executable_path/Frameworks";
				PRODUCT_NAME = "$(TARGET_NAME)";
			};
			name = Release;
		};
		D85B58B71B448AD900136713 /* Debug */ = {
			isa = XCBuildConfiguration;
			buildSettings = {
				BUNDLE_LOADER = "$(TEST_HOST)";
				FRAMEWORK_SEARCH_PATHS = (
					"$(SDKROOT)/Developer/Library/Frameworks",
					"$(inherited)",
				);
				GCC_PREPROCESSOR_DEFINITIONS = (
					"DEBUG=1",
					"$(inherited)",
				);
				INFOPLIST_FILE = "Demo_本地获取照片Tests/Info.plist";
				LD_RUNPATH_SEARCH_PATHS = "$(inherited) @executable_path/Frameworks @loader_path/Frameworks";
				PRODUCT_NAME = "$(TARGET_NAME)";
				TEST_HOST = "$(BUILT_PRODUCTS_DIR)/Demo_本地获取照片.app/Demo_本地获取照片";
			};
			name = Debug;
		};
		D85B58B81B448AD900136713 /* Release */ = {
			isa = XCBuildConfiguration;
			buildSettings = {
				BUNDLE_LOADER = "$(TEST_HOST)";
				FRAMEWORK_SEARCH_PATHS = (
					"$(SDKROOT)/Developer/Library/Frameworks",
					"$(inherited)",
				);
				INFOPLIST_FILE = "Demo_本地获取照片Tests/Info.plist";
				LD_RUNPATH_SEARCH_PATHS = "$(inherited) @executable_path/Frameworks @loader_path/Frameworks";
				PRODUCT_NAME = "$(TARGET_NAME)";
				TEST_HOST = "$(BUILT_PRODUCTS_DIR)/Demo_本地获取照片.app/Demo_本地获取照片";
			};
			name = Release;
		};
/* End XCBuildConfiguration section */

/* Begin XCConfigurationList section */
		D85B588B1B448AD700136713 /* Build configuration list for PBXProject "Demo_本地获取照片" */ = {
			isa = XCConfigurationList;
			buildConfigurations = (
				D85B58B11B448AD900136713 /* Debug */,
				D85B58B21B448AD900136713 /* Release */,
			);
			defaultConfigurationIsVisible = 0;
			defaultConfigurationName = Release;
		};
		D85B58B31B448AD900136713 /* Build configuration list for PBXNativeTarget "Demo_本地获取照片" */ = {
			isa = XCConfigurationList;
			buildConfigurations = (
				D85B58B41B448AD900136713 /* Debug */,
				D85B58B51B448AD900136713 /* Release */,
			);
			defaultConfigurationIsVisible = 0;
		};
		D85B58B61B448AD900136713 /* Build configuration list for PBXNativeTarget "Demo_本地获取照片Tests" */ = {
			isa = XCConfigurationList;
			buildConfigurations = (
				D85B58B71B448AD900136713 /* Debug */,
				D85B58B81B448AD900136713 /* Release */,
			);
			defaultConfigurationIsVisible = 0;
		};
/* End XCConfigurationList section */
	};
	rootObject = D85B58881B448AD700136713 /* Project object */;
}
