// !$*UTF8*$!
{
	archiveVersion = 1;
	classes = {
	};
	objectVersion = 46;
	objects = {

/* Begin PBXBuildFile section */
		D891AA7D1BA40E2900CB84B3 /* main.m in Sources */ = {isa = PBXBuildFile; fileRef = D891AA7C1BA40E2900CB84B3 /* main.m */; };
		D891AA801BA40E2900CB84B3 /* AppDelegate.m in Sources */ = {isa = PBXBuildFile; fileRef = D891AA7F1BA40E2900CB84B3 /* AppDelegate.m */; };
		D891AA831BA40E2900CB84B3 /* ViewController.m in Sources */ = {isa = PBXBuildFile; fileRef = D891AA821BA40E2900CB84B3 /* ViewController.m */; };
		D891AA861BA40E2900CB84B3 /* Main.storyboard in Resources */ = {isa = PBXBuildFile; fileRef = D891AA841BA40E2900CB84B3 /* Main.storyboard */; };
		D891AA881BA40E2900CB84B3 /* Images.xcassets in Resources */ = {isa = PBXBuildFile; fileRef = D891AA871BA40E2900CB84B3 /* Images.xcassets */; };
		D891AA8B1BA40E2900CB84B3 /* LaunchScreen.xib in Resources */ = {isa = PBXBuildFile; fileRef = D891AA891BA40E2900CB84B3 /* LaunchScreen.xib */; };
		D891AA971BA40E2A00CB84B3 /* Demo_MapKit______Tests.m in Sources */ = {isa = PBXBuildFile; fileRef = D891AA961BA40E2A00CB84B3 /* Demo_MapKit______Tests.m */; };
		D891AAA11BA40EA600CB84B3 /* MapKit.framework in Frameworks */ = {isa = PBXBuildFile; fileRef = D891AAA01BA40EA600CB84B3 /* MapKit.framework */; };
		D891AAA41BA6A49E00CB84B3 /* ZXLMapKitAnnotation.m in Sources */ = {isa = PBXBuildFile; fileRef = D891AAA31BA6A49E00CB84B3 /* ZXLMapKitAnnotation.m */; };
		D891AAA71BA6DC0D00CB84B3 /* ZXLCustomAnnotation.m in Sources */ = {isa = PBXBuildFile; fileRef = D891AAA61BA6DC0D00CB84B3 /* ZXLCustomAnnotation.m */; };
/* End PBXBuildFile section */

/* Begin PBXContainerItemProxy section */
		D891AA911BA40E2A00CB84B3 /* PBXContainerItemProxy */ = {
			isa = PBXContainerItemProxy;
			containerPortal = D891AA6F1BA40E2900CB84B3 /* Project object */;
			proxyType = 1;
			remoteGlobalIDString = D891AA761BA40E2900CB84B3;
			remoteInfo = "Demo_MapKit(基本使用)";
		};
/* End PBXContainerItemProxy section */

/* Begin PBXFileReference section */
		D891AA771BA40E2900CB84B3 /* Demo_MapKit(基本使用).app */ = {isa = PBXFileReference; explicitFileType = wrapper.application; includeInIndex = 0; path = "Demo_MapKit(基本使用).app"; sourceTree = BUILT_PRODUCTS_DIR; };
		D891AA7B1BA40E2900CB84B3 /* Info.plist */ = {isa = PBXFileReference; lastKnownFileType = text.plist.xml; path = Info.plist; sourceTree = "<group>"; };
		D891AA7C1BA40E2900CB84B3 /* main.m */ = {isa = PBXFileReference; lastKnownFileType = sourcecode.c.objc; path = main.m; sourceTree = "<group>"; };
		D891AA7E1BA40E2900CB84B3 /* AppDelegate.h */ = {isa = PBXFileReference; lastKnownFileType = sourcecode.c.h; path = AppDelegate.h; sourceTree = "<group>"; };
		D891AA7F1BA40E2900CB84B3 /* AppDelegate.m */ = {isa = PBXFileReference; lastKnownFileType = sourcecode.c.objc; path = AppDelegate.m; sourceTree = "<group>"; };
		D891AA811BA40E2900CB84B3 /* ViewController.h */ = {isa = PBXFileReference; lastKnownFileType = sourcecode.c.h; path = ViewController.h; sourceTree = "<group>"; };
		D891AA821BA40E2900CB84B3 /* ViewController.m */ = {isa = PBXFileReference; lastKnownFileType = sourcecode.c.objc; path = ViewController.m; sourceTree = "<group>"; };
		D891AA851BA40E2900CB84B3 /* Base */ = {isa = PBXFileReference; lastKnownFileType = file.storyboard; name = Base; path = Base.lproj/Main.storyboard; sourceTree = "<group>"; };
		D891AA871BA40E2900CB84B3 /* Images.xcassets */ = {isa = PBXFileReference; lastKnownFileType = folder.assetcatalog; path = Images.xcassets; sourceTree = "<group>"; };
		D891AA8A1BA40E2900CB84B3 /* Base */ = {isa = PBXFileReference; lastKnownFileType = file.xib; name = Base; path = Base.lproj/LaunchScreen.xib; sourceTree = "<group>"; };
		D891AA901BA40E2A00CB84B3 /* Demo_MapKit(基本使用)Tests.xctest */ = {isa = PBXFileReference; explicitFileType = wrapper.cfbundle; includeInIndex = 0; path = "Demo_MapKit(基本使用)Tests.xctest"; sourceTree = BUILT_PRODUCTS_DIR; };
		D891AA951BA40E2A00CB84B3 /* Info.plist */ = {isa = PBXFileReference; lastKnownFileType = text.plist.xml; path = Info.plist; sourceTree = "<group>"; };
		D891AA961BA40E2A00CB84B3 /* Demo_MapKit______Tests.m */ = {isa = PBXFileReference; lastKnownFileType = sourcecode.c.objc; path = "Demo_MapKit______Tests.m"; sourceTree = "<group>"; };
		D891AAA01BA40EA600CB84B3 /* MapKit.framework */ = {isa = PBXFileReference; lastKnownFileType = wrapper.framework; name = MapKit.framework; path = System/Library/Frameworks/MapKit.framework; sourceTree = SDKROOT; };
		D891AAA21BA6A49E00CB84B3 /* ZXLMapKitAnnotation.h */ = {isa = PBXFileReference; fileEncoding = 4; lastKnownFileType = sourcecode.c.h; path = ZXLMapKitAnnotation.h; sourceTree = "<group>"; };
		D891AAA31BA6A49E00CB84B3 /* ZXLMapKitAnnotation.m */ = {isa = PBXFileReference; fileEncoding = 4; lastKnownFileType = sourcecode.c.objc; path = ZXLMapKitAnnotation.m; sourceTree = "<group>"; };
		D891AAA51BA6DC0D00CB84B3 /* ZXLCustomAnnotation.h */ = {isa = PBXFileReference; fileEncoding = 4; lastKnownFileType = sourcecode.c.h; path = ZXLCustomAnnotation.h; sourceTree = "<group>"; };
		D891AAA61BA6DC0D00CB84B3 /* ZXLCustomAnnotation.m */ = {isa = PBXFileReference; fileEncoding = 4; lastKnownFileType = sourcecode.c.objc; path = ZXLCustomAnnotation.m; sourceTree = "<group>"; };
/* End PBXFileReference section */

/* Begin PBXFrameworksBuildPhase section */
		D891AA741BA40E2900CB84B3 /* Frameworks */ = {
			isa = PBXFrameworksBuildPhase;
			buildActionMask = 2147483647;
			files = (
				D891AAA11BA40EA600CB84B3 /* MapKit.framework in Frameworks */,
			);
			runOnlyForDeploymentPostprocessing = 0;
		};
		D891AA8D1BA40E2A00CB84B3 /* Frameworks */ = {
			isa = PBXFrameworksBuildPhase;
			buildActionMask = 2147483647;
			files = (
			);
			runOnlyForDeploymentPostprocessing = 0;
		};
/* End PBXFrameworksBuildPhase section */

/* Begin PBXGroup section */
		D891AA6E1BA40E2900CB84B3 = {
			isa = PBXGroup;
			children = (
				D891AAA01BA40EA600CB84B3 /* MapKit.framework */,
				D891AA791BA40E2900CB84B3 /* Demo_MapKit(基本使用) */,
				D891AA931BA40E2A00CB84B3 /* Demo_MapKit(基本使用)Tests */,
				D891AA781BA40E2900CB84B3 /* Products */,
			);
			sourceTree = "<group>";
		};
		D891AA781BA40E2900CB84B3 /* Products */ = {
			isa = PBXGroup;
			children = (
				D891AA771BA40E2900CB84B3 /* Demo_MapKit(基本使用).app */,
				D891AA901BA40E2A00CB84B3 /* Demo_MapKit(基本使用)Tests.xctest */,
			);
			name = Products;
			sourceTree = "<group>";
		};
		D891AA791BA40E2900CB84B3 /* Demo_MapKit(基本使用) */ = {
			isa = PBXGroup;
			children = (
				D891AA7E1BA40E2900CB84B3 /* AppDelegate.h */,
				D891AA7F1BA40E2900CB84B3 /* AppDelegate.m */,
				D891AA811BA40E2900CB84B3 /* ViewController.h */,
				D891AA821BA40E2900CB84B3 /* ViewController.m */,
				D891AAA21BA6A49E00CB84B3 /* ZXLMapKitAnnotation.h */,
				D891AAA31BA6A49E00CB84B3 /* ZXLMapKitAnnotation.m */,
				D891AAA51BA6DC0D00CB84B3 /* ZXLCustomAnnotation.h */,
				D891AAA61BA6DC0D00CB84B3 /* ZXLCustomAnnotation.m */,
				D891AA841BA40E2900CB84B3 /* Main.storyboard */,
				D891AA871BA40E2900CB84B3 /* Images.xcassets */,
				D891AA891BA40E2900CB84B3 /* LaunchScreen.xib */,
				D891AA7A1BA40E2900CB84B3 /* Supporting Files */,
			);
			path = "Demo_MapKit(基本使用)";
			sourceTree = "<group>";
		};
		D891AA7A1BA40E2900CB84B3 /* Supporting Files */ = {
			isa = PBXGroup;
			children = (
				D891AA7B1BA40E2900CB84B3 /* Info.plist */,
				D891AA7C1BA40E2900CB84B3 /* main.m */,
			);
			name = "Supporting Files";
			sourceTree = "<group>";
		};
		D891AA931BA40E2A00CB84B3 /* Demo_MapKit(基本使用)Tests */ = {
			isa = PBXGroup;
			children = (
				D891AA961BA40E2A00CB84B3 /* Demo_MapKit______Tests.m */,
				D891AA941BA40E2A00CB84B3 /* Supporting Files */,
			);
			path = "Demo_MapKit(基本使用)Tests";
			sourceTree = "<group>";
		};
		D891AA941BA40E2A00CB84B3 /* Supporting Files */ = {
			isa = PBXGroup;
			children = (
				D891AA951BA40E2A00CB84B3 /* Info.plist */,
			);
			name = "Supporting Files";
			sourceTree = "<group>";
		};
/* End PBXGroup section */

/* Begin PBXNativeTarget section */
		D891AA761BA40E2900CB84B3 /* Demo_MapKit(基本使用) */ = {
			isa = PBXNativeTarget;
			buildConfigurationList = D891AA9A1BA40E2A00CB84B3 /* Build configuration list for PBXNativeTarget "Demo_MapKit(基本使用)" */;
			buildPhases = (
				D891AA731BA40E2900CB84B3 /* Sources */,
				D891AA741BA40E2900CB84B3 /* Frameworks */,
				D891AA751BA40E2900CB84B3 /* Resources */,
			);
			buildRules = (
			);
			dependencies = (
			);
			name = "Demo_MapKit(基本使用)";
			productName = "Demo_MapKit(基本使用)";
			productReference = D891AA771BA40E2900CB84B3 /* Demo_MapKit(基本使用).app */;
			productType = "com.apple.product-type.application";
		};
		D891AA8F1BA40E2A00CB84B3 /* Demo_MapKit(基本使用)Tests */ = {
			isa = PBXNativeTarget;
			buildConfigurationList = D891AA9D1BA40E2A00CB84B3 /* Build configuration list for PBXNativeTarget "Demo_MapKit(基本使用)Tests" */;
			buildPhases = (
				D891AA8C1BA40E2A00CB84B3 /* Sources */,
				D891AA8D1BA40E2A00CB84B3 /* Frameworks */,
				D891AA8E1BA40E2A00CB84B3 /* Resources */,
			);
			buildRules = (
			);
			dependencies = (
				D891AA921BA40E2A00CB84B3 /* PBXTargetDependency */,
			);
			name = "Demo_MapKit(基本使用)Tests";
			productName = "Demo_MapKit(基本使用)Tests";
			productReference = D891AA901BA40E2A00CB84B3 /* Demo_MapKit(基本使用)Tests.xctest */;
			productType = "com.apple.product-type.bundle.unit-test";
		};
/* End PBXNativeTarget section */

/* Begin PBXProject section */
		D891AA6F1BA40E2900CB84B3 /* Project object */ = {
			isa = PBXProject;
			attributes = {
				LastUpgradeCheck = 0610;
				ORGANIZATIONNAME = "zhang xianglu";
				TargetAttributes = {
					D891AA761BA40E2900CB84B3 = {
						CreatedOnToolsVersion = 6.1.1;
					};
					D891AA8F1BA40E2A00CB84B3 = {
						CreatedOnToolsVersion = 6.1.1;
						TestTargetID = D891AA761BA40E2900CB84B3;
					};
				};
			};
			buildConfigurationList = D891AA721BA40E2900CB84B3 /* Build configuration list for PBXProject "Demo_MapKit(基本使用)" */;
			compatibilityVersion = "Xcode 3.2";
			developmentRegion = English;
			hasScannedForEncodings = 0;
			knownRegions = (
				en,
				Base,
			);
			mainGroup = D891AA6E1BA40E2900CB84B3;
			productRefGroup = D891AA781BA40E2900CB84B3 /* Products */;
			projectDirPath = "";
			projectRoot = "";
			targets = (
				D891AA761BA40E2900CB84B3 /* Demo_MapKit(基本使用) */,
				D891AA8F1BA40E2A00CB84B3 /* Demo_MapKit(基本使用)Tests */,
			);
		};
/* End PBXProject section */

/* Begin PBXResourcesBuildPhase section */
		D891AA751BA40E2900CB84B3 /* Resources */ = {
			isa = PBXResourcesBuildPhase;
			buildActionMask = 2147483647;
			files = (
				D891AA861BA40E2900CB84B3 /* Main.storyboard in Resources */,
				D891AA8B1BA40E2900CB84B3 /* LaunchScreen.xib in Resources */,
				D891AA881BA40E2900CB84B3 /* Images.xcassets in Resources */,
			);
			runOnlyForDeploymentPostprocessing = 0;
		};
		D891AA8E1BA40E2A00CB84B3 /* Resources */ = {
			isa = PBXResourcesBuildPhase;
			buildActionMask = 2147483647;
			files = (
			);
			runOnlyForDeploymentPostprocessing = 0;
		};
/* End PBXResourcesBuildPhase section */

/* Begin PBXSourcesBuildPhase section */
		D891AA731BA40E2900CB84B3 /* Sources */ = {
			isa = PBXSourcesBuildPhase;
			buildActionMask = 2147483647;
			files = (
				D891AA831BA40E2900CB84B3 /* ViewController.m in Sources */,
				D891AA801BA40E2900CB84B3 /* AppDelegate.m in Sources */,
				D891AAA71BA6DC0D00CB84B3 /* ZXLCustomAnnotation.m in Sources */,
				D891AA7D1BA40E2900CB84B3 /* main.m in Sources */,
				D891AAA41BA6A49E00CB84B3 /* ZXLMapKitAnnotation.m in Sources */,
			);
			runOnlyForDeploymentPostprocessing = 0;
		};
		D891AA8C1BA40E2A00CB84B3 /* Sources */ = {
			isa = PBXSourcesBuildPhase;
			buildActionMask = 2147483647;
			files = (
				D891AA971BA40E2A00CB84B3 /* Demo_MapKit______Tests.m in Sources */,
			);
			runOnlyForDeploymentPostprocessing = 0;
		};
/* End PBXSourcesBuildPhase section */

/* Begin PBXTargetDependency section */
		D891AA921BA40E2A00CB84B3 /* PBXTargetDependency */ = {
			isa = PBXTargetDependency;
			target = D891AA761BA40E2900CB84B3 /* Demo_MapKit(基本使用) */;
			targetProxy = D891AA911BA40E2A00CB84B3 /* PBXContainerItemProxy */;
		};
/* End PBXTargetDependency section */

/* Begin PBXVariantGroup section */
		D891AA841BA40E2900CB84B3 /* Main.storyboard */ = {
			isa = PBXVariantGroup;
			children = (
				D891AA851BA40E2900CB84B3 /* Base */,
			);
			name = Main.storyboard;
			sourceTree = "<group>";
		};
		D891AA891BA40E2900CB84B3 /* LaunchScreen.xib */ = {
			isa = PBXVariantGroup;
			children = (
				D891AA8A1BA40E2900CB84B3 /* Base */,
			);
			name = LaunchScreen.xib;
			sourceTree = "<group>";
		};
/* End PBXVariantGroup section */

/* Begin XCBuildConfiguration section */
		D891AA981BA40E2A00CB84B3 /* Debug */ = {
			isa = XCBuildConfiguration;
			buildSettings = {
				ALWAYS_SEARCH_USER_PATHS = NO;
				CLANG_CXX_LANGUAGE_STANDARD = "gnu++0x";
				CLANG_CXX_LIBRARY = "libc++";
				CLANG_ENABLE_MODULES = YES;
				CLANG_ENABLE_OBJC_ARC = YES;
				CLANG_WARN_BOOL_CONVERSION = YES;
				CLANG_WARN_CONSTANT_CONVERSION = YES;
				CLANG_WARN_DIRECT_OBJC_ISA_USAGE = YES_ERROR;
				CLANG_WARN_EMPTY_BODY = YES;
				CLANG_WARN_ENUM_CONVERSION = YES;
				CLANG_WARN_INT_CONVERSION = YES;
				CLANG_WARN_OBJC_ROOT_CLASS = YES_ERROR;
				CLANG_WARN_UNREACHABLE_CODE = YES;
				CLANG_WARN__DUPLICATE_METHOD_MATCH = YES;
				"CODE_SIGN_IDENTITY[sdk=iphoneos*]" = "iPhone Developer";
				COPY_PHASE_STRIP = NO;
				ENABLE_STRICT_OBJC_MSGSEND = YES;
				GCC_C_LANGUAGE_STANDARD = gnu99;
				GCC_DYNAMIC_NO_PIC = NO;
				GCC_OPTIMIZATION_LEVEL = 0;
				GCC_PREPROCESSOR_DEFINITIONS = (
					"DEBUG=1",
					"$(inherited)",
				);
				GCC_SYMBOLS_PRIVATE_EXTERN = NO;
				GCC_WARN_64_TO_32_BIT_CONVERSION = YES;
				GCC_WARN_ABOUT_RETURN_TYPE = YES_ERROR;
				GCC_WARN_UNDECLARED_SELECTOR = YES;
				GCC_WARN_UNINITIALIZED_AUTOS = YES_AGGRESSIVE;
				GCC_WARN_UNUSED_FUNCTION = YES;
				GCC_WARN_UNUSED_VARIABLE = YES;
				IPHONEOS_DEPLOYMENT_TARGET = 8.1;
				MTL_ENABLE_DEBUG_INFO = YES;
				ONLY_ACTIVE_ARCH = YES;
				SDKROOT = iphoneos;
			};
			name = Debug;
		};
		D891AA991BA40E2A00CB84B3 /* Release */ = {
			isa = XCBuildConfiguration;
			buildSettings = {
				ALWAYS_SEARCH_USER_PATHS = NO;
				CLANG_CXX_LANGUAGE_STANDARD = "gnu++0x";
				CLANG_CXX_LIBRARY = "libc++";
				CLANG_ENABLE_MODULES = YES;
				CLANG_ENABLE_OBJC_ARC = YES;
				CLANG_WARN_BOOL_CONVERSION = YES;
				CLANG_WARN_CONSTANT_CONVERSION = YES;
				CLANG_WARN_DIRECT_OBJC_ISA_USAGE = YES_ERROR;
				CLANG_WARN_EMPTY_BODY = YES;
				CLANG_WARN_ENUM_CONVERSION = YES;
				CLANG_WARN_INT_CONVERSION = YES;
				CLANG_WARN_OBJC_ROOT_CLASS = YES_ERROR;
				CLANG_WARN_UNREACHABLE_CODE = YES;
				CLANG_WARN__DUPLICATE_METHOD_MATCH = YES;
				"CODE_SIGN_IDENTITY[sdk=iphoneos*]" = "iPhone Developer";
				COPY_PHASE_STRIP = YES;
				ENABLE_NS_ASSERTIONS = NO;
				ENABLE_STRICT_OBJC_MSGSEND = YES;
				GCC_C_LANGUAGE_STANDARD = gnu99;
				GCC_WARN_64_TO_32_BIT_CONVERSION = YES;
				GCC_WARN_ABOUT_RETURN_TYPE = YES_ERROR;
				GCC_WARN_UNDECLARED_SELECTOR = YES;
				GCC_WARN_UNINITIALIZED_AUTOS = YES_AGGRESSIVE;
				GCC_WARN_UNUSED_FUNCTION = YES;
				GCC_WARN_UNUSED_VARIABLE = YES;
				IPHONEOS_DEPLOYMENT_TARGET = 8.1;
				MTL_ENABLE_DEBUG_INFO = NO;
				SDKROOT = iphoneos;
				VALIDATE_PRODUCT = YES;
			};
			name = Release;
		};
		D891AA9B1BA40E2A00CB84B3 /* Debug */ = {
			isa = XCBuildConfiguration;
			buildSettings = {
				ASSETCATALOG_COMPILER_APPICON_NAME = AppIcon;
				INFOPLIST_FILE = "Demo_MapKit(基本使用)/Info.plist";
				IPHONEOS_DEPLOYMENT_TARGET = 7.0;
				LD_RUNPATH_SEARCH_PATHS = "$(inherited) @executable_path/Frameworks";
				PRODUCT_NAME = "$(TARGET_NAME)";
			};
			name = Debug;
		};
		D891AA9C1BA40E2A00CB84B3 /* Release */ = {
			isa = XCBuildConfiguration;
			buildSettings = {
				ASSETCATALOG_COMPILER_APPICON_NAME = AppIcon;
				INFOPLIST_FILE = "Demo_MapKit(基本使用)/Info.plist";
				IPHONEOS_DEPLOYMENT_TARGET = 7.0;
				LD_RUNPATH_SEARCH_PATHS = "$(inherited) @executable_path/Frameworks";
				PRODUCT_NAME = "$(TARGET_NAME)";
			};
			name = Release;
		};
		D891AA9E1BA40E2A00CB84B3 /* Debug */ = {
			isa = XCBuildConfiguration;
			buildSettings = {
				BUNDLE_LOADER = "$(TEST_HOST)";
				FRAMEWORK_SEARCH_PATHS = (
					"$(SDKROOT)/Developer/Library/Frameworks",
					"$(inherited)",
				);
				GCC_PREPROCESSOR_DEFINITIONS = (
					"DEBUG=1",
					"$(inherited)",
				);
				INFOPLIST_FILE = "Demo_MapKit(基本使用)Tests/Info.plist";
				LD_RUNPATH_SEARCH_PATHS = "$(inherited) @executable_path/Frameworks @loader_path/Frameworks";
				PRODUCT_NAME = "$(TARGET_NAME)";
				TEST_HOST = "$(BUILT_PRODUCTS_DIR)/Demo_MapKit(基本使用).app/Demo_MapKit(基本使用)";
			};
			name = Debug;
		};
		D891AA9F1BA40E2A00CB84B3 /* Release */ = {
			isa = XCBuildConfiguration;
			buildSettings = {
				BUNDLE_LOADER = "$(TEST_HOST)";
				FRAMEWORK_SEARCH_PATHS = (
					"$(SDKROOT)/Developer/Library/Frameworks",
					"$(inherited)",
				);
				INFOPLIST_FILE = "Demo_MapKit(基本使用)Tests/Info.plist";
				LD_RUNPATH_SEARCH_PATHS = "$(inherited) @executable_path/Frameworks @loader_path/Frameworks";
				PRODUCT_NAME = "$(TARGET_NAME)";
				TEST_HOST = "$(BUILT_PRODUCTS_DIR)/Demo_MapKit(基本使用).app/Demo_MapKit(基本使用)";
			};
			name = Release;
		};
/* End XCBuildConfiguration section */

/* Begin XCConfigurationList section */
		D891AA721BA40E2900CB84B3 /* Build configuration list for PBXProject "Demo_MapKit(基本使用)" */ = {
			isa = XCConfigurationList;
			buildConfigurations = (
				D891AA981BA40E2A00CB84B3 /* Debug */,
				D891AA991BA40E2A00CB84B3 /* Release */,
			);
			defaultConfigurationIsVisible = 0;
			defaultConfigurationName = Release;
		};
		D891AA9A1BA40E2A00CB84B3 /* Build configuration list for PBXNativeTarget "Demo_MapKit(基本使用)" */ = {
			isa = XCConfigurationList;
			buildConfigurations = (
				D891AA9B1BA40E2A00CB84B3 /* Debug */,
				D891AA9C1BA40E2A00CB84B3 /* Release */,
			);
			defaultConfigurationIsVisible = 0;
		};
		D891AA9D1BA40E2A00CB84B3 /* Build configuration list for PBXNativeTarget "Demo_MapKit(基本使用)Tests" */ = {
			isa = XCConfigurationList;
			buildConfigurations = (
				D891AA9E1BA40E2A00CB84B3 /* Debug */,
				D891AA9F1BA40E2A00CB84B3 /* Release */,
			);
			defaultConfigurationIsVisible = 0;
		};
/* End XCConfigurationList section */
	};
	rootObject = D891AA6F1BA40E2900CB84B3 /* Project object */;
}
