// !$*UTF8*$!
{
	archiveVersion = 1;
	classes = {
	};
	objectVersion = 46;
	objects = {

/* Begin PBXBuildFile section */
		9F51FD0C1AB1786C00146DCE /* main.m in Sources */ = {isa = PBXBuildFile; fileRef = 9F51FD0B1AB1786C00146DCE /* main.m */; };
		9F51FD0F1AB1786C00146DCE /* AppDelegate.m in Sources */ = {isa = PBXBuildFile; fileRef = 9F51FD0E1AB1786C00146DCE /* AppDelegate.m */; };
		9F51FD121AB1786C00146DCE /* ViewController.m in Sources */ = {isa = PBXBuildFile; fileRef = 9F51FD111AB1786C00146DCE /* ViewController.m */; };
		9F51FD151AB1786C00146DCE /* Main.storyboard in Resources */ = {isa = PBXBuildFile; fileRef = 9F51FD131AB1786C00146DCE /* Main.storyboard */; };
		9F51FD171AB1786C00146DCE /* Images.xcassets in Resources */ = {isa = PBXBuildFile; fileRef = 9F51FD161AB1786C00146DCE /* Images.xcassets */; };
		9F51FD1A1AB1786C00146DCE /* LaunchScreen.xib in Resources */ = {isa = PBXBuildFile; fileRef = 9F51FD181AB1786C00146DCE /* LaunchScreen.xib */; };
		9F51FD261AB1786C00146DCE /* GCD3Tests.m in Sources */ = {isa = PBXBuildFile; fileRef = 9F51FD251AB1786C00146DCE /* GCD3Tests.m */; };
		9F51FD311AB1835100146DCE /* Dog.m in Sources */ = {isa = PBXBuildFile; fileRef = 9F51FD301AB1835100146DCE /* Dog.m */; };
/* End PBXBuildFile section */

/* Begin PBXContainerItemProxy section */
		9F51FD201AB1786C00146DCE /* PBXContainerItemProxy */ = {
			isa = PBXContainerItemProxy;
			containerPortal = 9F51FCFE1AB1786C00146DCE /* Project object */;
			proxyType = 1;
			remoteGlobalIDString = 9F51FD051AB1786C00146DCE;
			remoteInfo = GCD3;
		};
/* End PBXContainerItemProxy section */

/* Begin PBXFileReference section */
		9F51FD061AB1786C00146DCE /* GCD3.app */ = {isa = PBXFileReference; explicitFileType = wrapper.application; includeInIndex = 0; path = GCD3.app; sourceTree = BUILT_PRODUCTS_DIR; };
		9F51FD0A1AB1786C00146DCE /* Info.plist */ = {isa = PBXFileReference; lastKnownFileType = text.plist.xml; path = Info.plist; sourceTree = "<group>"; };
		9F51FD0B1AB1786C00146DCE /* main.m */ = {isa = PBXFileReference; lastKnownFileType = sourcecode.c.objc; path = main.m; sourceTree = "<group>"; };
		9F51FD0D1AB1786C00146DCE /* AppDelegate.h */ = {isa = PBXFileReference; lastKnownFileType = sourcecode.c.h; path = AppDelegate.h; sourceTree = "<group>"; };
		9F51FD0E1AB1786C00146DCE /* AppDelegate.m */ = {isa = PBXFileReference; lastKnownFileType = sourcecode.c.objc; path = AppDelegate.m; sourceTree = "<group>"; };
		9F51FD101AB1786C00146DCE /* ViewController.h */ = {isa = PBXFileReference; lastKnownFileType = sourcecode.c.h; path = ViewController.h; sourceTree = "<group>"; };
		9F51FD111AB1786C00146DCE /* ViewController.m */ = {isa = PBXFileReference; lastKnownFileType = sourcecode.c.objc; path = ViewController.m; sourceTree = "<group>"; };
		9F51FD141AB1786C00146DCE /* Base */ = {isa = PBXFileReference; lastKnownFileType = file.storyboard; name = Base; path = Base.lproj/Main.storyboard; sourceTree = "<group>"; };
		9F51FD161AB1786C00146DCE /* Images.xcassets */ = {isa = PBXFileReference; lastKnownFileType = folder.assetcatalog; path = Images.xcassets; sourceTree = "<group>"; };
		9F51FD191AB1786C00146DCE /* Base */ = {isa = PBXFileReference; lastKnownFileType = file.xib; name = Base; path = Base.lproj/LaunchScreen.xib; sourceTree = "<group>"; };
		9F51FD1F1AB1786C00146DCE /* GCD3Tests.xctest */ = {isa = PBXFileReference; explicitFileType = wrapper.cfbundle; includeInIndex = 0; path = GCD3Tests.xctest; sourceTree = BUILT_PRODUCTS_DIR; };
		9F51FD241AB1786C00146DCE /* Info.plist */ = {isa = PBXFileReference; lastKnownFileType = text.plist.xml; path = Info.plist; sourceTree = "<group>"; };
		9F51FD251AB1786C00146DCE /* GCD3Tests.m */ = {isa = PBXFileReference; lastKnownFileType = sourcecode.c.objc; path = GCD3Tests.m; sourceTree = "<group>"; };
		9F51FD2F1AB1835100146DCE /* Dog.h */ = {isa = PBXFileReference; fileEncoding = 4; lastKnownFileType = sourcecode.c.h; path = Dog.h; sourceTree = "<group>"; };
		9F51FD301AB1835100146DCE /* Dog.m */ = {isa = PBXFileReference; fileEncoding = 4; lastKnownFileType = sourcecode.c.objc; path = Dog.m; sourceTree = "<group>"; };
/* End PBXFileReference section */

/* Begin PBXFrameworksBuildPhase section */
		9F51FD031AB1786C00146DCE /* Frameworks */ = {
			isa = PBXFrameworksBuildPhase;
			buildActionMask = 2147483647;
			files = (
			);
			runOnlyForDeploymentPostprocessing = 0;
		};
		9F51FD1C1AB1786C00146DCE /* Frameworks */ = {
			isa = PBXFrameworksBuildPhase;
			buildActionMask = 2147483647;
			files = (
			);
			runOnlyForDeploymentPostprocessing = 0;
		};
/* End PBXFrameworksBuildPhase section */

/* Begin PBXGroup section */
		9F51FCFD1AB1786C00146DCE = {
			isa = PBXGroup;
			children = (
				9F51FD081AB1786C00146DCE /* GCD3 */,
				9F51FD221AB1786C00146DCE /* GCD3Tests */,
				9F51FD071AB1786C00146DCE /* Products */,
			);
			sourceTree = "<group>";
		};
		9F51FD071AB1786C00146DCE /* Products */ = {
			isa = PBXGroup;
			children = (
				9F51FD061AB1786C00146DCE /* GCD3.app */,
				9F51FD1F1AB1786C00146DCE /* GCD3Tests.xctest */,
			);
			name = Products;
			sourceTree = "<group>";
		};
		9F51FD081AB1786C00146DCE /* GCD3 */ = {
			isa = PBXGroup;
			children = (
				9F51FD0D1AB1786C00146DCE /* AppDelegate.h */,
				9F51FD0E1AB1786C00146DCE /* AppDelegate.m */,
				9F51FD101AB1786C00146DCE /* ViewController.h */,
				9F51FD111AB1786C00146DCE /* ViewController.m */,
				9F51FD2F1AB1835100146DCE /* Dog.h */,
				9F51FD301AB1835100146DCE /* Dog.m */,
				9F51FD131AB1786C00146DCE /* Main.storyboard */,
				9F51FD161AB1786C00146DCE /* Images.xcassets */,
				9F51FD181AB1786C00146DCE /* LaunchScreen.xib */,
				9F51FD091AB1786C00146DCE /* Supporting Files */,
			);
			path = GCD3;
			sourceTree = "<group>";
		};
		9F51FD091AB1786C00146DCE /* Supporting Files */ = {
			isa = PBXGroup;
			children = (
				9F51FD0A1AB1786C00146DCE /* Info.plist */,
				9F51FD0B1AB1786C00146DCE /* main.m */,
			);
			name = "Supporting Files";
			sourceTree = "<group>";
		};
		9F51FD221AB1786C00146DCE /* GCD3Tests */ = {
			isa = PBXGroup;
			children = (
				9F51FD251AB1786C00146DCE /* GCD3Tests.m */,
				9F51FD231AB1786C00146DCE /* Supporting Files */,
			);
			path = GCD3Tests;
			sourceTree = "<group>";
		};
		9F51FD231AB1786C00146DCE /* Supporting Files */ = {
			isa = PBXGroup;
			children = (
				9F51FD241AB1786C00146DCE /* Info.plist */,
			);
			name = "Supporting Files";
			sourceTree = "<group>";
		};
/* End PBXGroup section */

/* Begin PBXNativeTarget section */
		9F51FD051AB1786C00146DCE /* GCD3 */ = {
			isa = PBXNativeTarget;
			buildConfigurationList = 9F51FD291AB1786C00146DCE /* Build configuration list for PBXNativeTarget "GCD3" */;
			buildPhases = (
				9F51FD021AB1786C00146DCE /* Sources */,
				9F51FD031AB1786C00146DCE /* Frameworks */,
				9F51FD041AB1786C00146DCE /* Resources */,
			);
			buildRules = (
			);
			dependencies = (
			);
			name = GCD3;
			productName = GCD3;
			productReference = 9F51FD061AB1786C00146DCE /* GCD3.app */;
			productType = "com.apple.product-type.application";
		};
		9F51FD1E1AB1786C00146DCE /* GCD3Tests */ = {
			isa = PBXNativeTarget;
			buildConfigurationList = 9F51FD2C1AB1786C00146DCE /* Build configuration list for PBXNativeTarget "GCD3Tests" */;
			buildPhases = (
				9F51FD1B1AB1786C00146DCE /* Sources */,
				9F51FD1C1AB1786C00146DCE /* Frameworks */,
				9F51FD1D1AB1786C00146DCE /* Resources */,
			);
			buildRules = (
			);
			dependencies = (
				9F51FD211AB1786C00146DCE /* PBXTargetDependency */,
			);
			name = GCD3Tests;
			productName = GCD3Tests;
			productReference = 9F51FD1F1AB1786C00146DCE /* GCD3Tests.xctest */;
			productType = "com.apple.product-type.bundle.unit-test";
		};
/* End PBXNativeTarget section */

/* Begin PBXProject section */
		9F51FCFE1AB1786C00146DCE /* Project object */ = {
			isa = PBXProject;
			attributes = {
				LastUpgradeCheck = 0610;
				ORGANIZATIONNAME = test;
				TargetAttributes = {
					9F51FD051AB1786C00146DCE = {
						CreatedOnToolsVersion = 6.1;
					};
					9F51FD1E1AB1786C00146DCE = {
						CreatedOnToolsVersion = 6.1;
						TestTargetID = 9F51FD051AB1786C00146DCE;
					};
				};
			};
			buildConfigurationList = 9F51FD011AB1786C00146DCE /* Build configuration list for PBXProject "GCD3" */;
			compatibilityVersion = "Xcode 3.2";
			developmentRegion = English;
			hasScannedForEncodings = 0;
			knownRegions = (
				en,
				Base,
			);
			mainGroup = 9F51FCFD1AB1786C00146DCE;
			productRefGroup = 9F51FD071AB1786C00146DCE /* Products */;
			projectDirPath = "";
			projectRoot = "";
			targets = (
				9F51FD051AB1786C00146DCE /* GCD3 */,
				9F51FD1E1AB1786C00146DCE /* GCD3Tests */,
			);
		};
/* End PBXProject section */

/* Begin PBXResourcesBuildPhase section */
		9F51FD041AB1786C00146DCE /* Resources */ = {
			isa = PBXResourcesBuildPhase;
			buildActionMask = 2147483647;
			files = (
				9F51FD151AB1786C00146DCE /* Main.storyboard in Resources */,
				9F51FD1A1AB1786C00146DCE /* LaunchScreen.xib in Resources */,
				9F51FD171AB1786C00146DCE /* Images.xcassets in Resources */,
			);
			runOnlyForDeploymentPostprocessing = 0;
		};
		9F51FD1D1AB1786C00146DCE /* Resources */ = {
			isa = PBXResourcesBuildPhase;
			buildActionMask = 2147483647;
			files = (
			);
			runOnlyForDeploymentPostprocessing = 0;
		};
/* End PBXResourcesBuildPhase section */

/* Begin PBXSourcesBuildPhase section */
		9F51FD021AB1786C00146DCE /* Sources */ = {
			isa = PBXSourcesBuildPhase;
			buildActionMask = 2147483647;
			files = (
				9F51FD121AB1786C00146DCE /* ViewController.m in Sources */,
				9F51FD0F1AB1786C00146DCE /* AppDelegate.m in Sources */,
				9F51FD311AB1835100146DCE /* Dog.m in Sources */,
				9F51FD0C1AB1786C00146DCE /* main.m in Sources */,
			);
			runOnlyForDeploymentPostprocessing = 0;
		};
		9F51FD1B1AB1786C00146DCE /* Sources */ = {
			isa = PBXSourcesBuildPhase;
			buildActionMask = 2147483647;
			files = (
				9F51FD261AB1786C00146DCE /* GCD3Tests.m in Sources */,
			);
			runOnlyForDeploymentPostprocessing = 0;
		};
/* End PBXSourcesBuildPhase section */

/* Begin PBXTargetDependency section */
		9F51FD211AB1786C00146DCE /* PBXTargetDependency */ = {
			isa = PBXTargetDependency;
			target = 9F51FD051AB1786C00146DCE /* GCD3 */;
			targetProxy = 9F51FD201AB1786C00146DCE /* PBXContainerItemProxy */;
		};
/* End PBXTargetDependency section */

/* Begin PBXVariantGroup section */
		9F51FD131AB1786C00146DCE /* Main.storyboard */ = {
			isa = PBXVariantGroup;
			children = (
				9F51FD141AB1786C00146DCE /* Base */,
			);
			name = Main.storyboard;
			sourceTree = "<group>";
		};
		9F51FD181AB1786C00146DCE /* LaunchScreen.xib */ = {
			isa = PBXVariantGroup;
			children = (
				9F51FD191AB1786C00146DCE /* Base */,
			);
			name = LaunchScreen.xib;
			sourceTree = "<group>";
		};
/* End PBXVariantGroup section */

/* Begin XCBuildConfiguration section */
		9F51FD271AB1786C00146DCE /* Debug */ = {
			isa = XCBuildConfiguration;
			buildSettings = {
				ALWAYS_SEARCH_USER_PATHS = NO;
				CLANG_CXX_LANGUAGE_STANDARD = "gnu++0x";
				CLANG_CXX_LIBRARY = "libc++";
				CLANG_ENABLE_MODULES = YES;
				CLANG_ENABLE_OBJC_ARC = YES;
				CLANG_WARN_BOOL_CONVERSION = YES;
				CLANG_WARN_CONSTANT_CONVERSION = YES;
				CLANG_WARN_DIRECT_OBJC_ISA_USAGE = YES_ERROR;
				CLANG_WARN_EMPTY_BODY = YES;
				CLANG_WARN_ENUM_CONVERSION = YES;
				CLANG_WARN_INT_CONVERSION = YES;
				CLANG_WARN_OBJC_ROOT_CLASS = YES_ERROR;
				CLANG_WARN_UNREACHABLE_CODE = YES;
				CLANG_WARN__DUPLICATE_METHOD_MATCH = YES;
				"CODE_SIGN_IDENTITY[sdk=iphoneos*]" = "iPhone Developer";
				COPY_PHASE_STRIP = NO;
				ENABLE_STRICT_OBJC_MSGSEND = YES;
				GCC_C_LANGUAGE_STANDARD = gnu99;
				GCC_DYNAMIC_NO_PIC = NO;
				GCC_OPTIMIZATION_LEVEL = 0;
				GCC_PREPROCESSOR_DEFINITIONS = (
					"DEBUG=1",
					"$(inherited)",
				);
				GCC_SYMBOLS_PRIVATE_EXTERN = NO;
				GCC_WARN_64_TO_32_BIT_CONVERSION = YES;
				GCC_WARN_ABOUT_RETURN_TYPE = YES_ERROR;
				GCC_WARN_UNDECLARED_SELECTOR = YES;
				GCC_WARN_UNINITIALIZED_AUTOS = YES_AGGRESSIVE;
				GCC_WARN_UNUSED_FUNCTION = YES;
				GCC_WARN_UNUSED_VARIABLE = YES;
				IPHONEOS_DEPLOYMENT_TARGET = 8.1;
				MTL_ENABLE_DEBUG_INFO = YES;
				ONLY_ACTIVE_ARCH = YES;
				SDKROOT = iphoneos;
				TARGETED_DEVICE_FAMILY = "1,2";
			};
			name = Debug;
		};
		9F51FD281AB1786C00146DCE /* Release */ = {
			isa = XCBuildConfiguration;
			buildSettings = {
				ALWAYS_SEARCH_USER_PATHS = NO;
				CLANG_CXX_LANGUAGE_STANDARD = "gnu++0x";
				CLANG_CXX_LIBRARY = "libc++";
				CLANG_ENABLE_MODULES = YES;
				CLANG_ENABLE_OBJC_ARC = YES;
				CLANG_WARN_BOOL_CONVERSION = YES;
				CLANG_WARN_CONSTANT_CONVERSION = YES;
				CLANG_WARN_DIRECT_OBJC_ISA_USAGE = YES_ERROR;
				CLANG_WARN_EMPTY_BODY = YES;
				CLANG_WARN_ENUM_CONVERSION = YES;
				CLANG_WARN_INT_CONVERSION = YES;
				CLANG_WARN_OBJC_ROOT_CLASS = YES_ERROR;
				CLANG_WARN_UNREACHABLE_CODE = YES;
				CLANG_WARN__DUPLICATE_METHOD_MATCH = YES;
				"CODE_SIGN_IDENTITY[sdk=iphoneos*]" = "iPhone Developer";
				COPY_PHASE_STRIP = YES;
				ENABLE_NS_ASSERTIONS = NO;
				ENABLE_STRICT_OBJC_MSGSEND = YES;
				GCC_C_LANGUAGE_STANDARD = gnu99;
				GCC_WARN_64_TO_32_BIT_CONVERSION = YES;
				GCC_WARN_ABOUT_RETURN_TYPE = YES_ERROR;
				GCC_WARN_UNDECLARED_SELECTOR = YES;
				GCC_WARN_UNINITIALIZED_AUTOS = YES_AGGRESSIVE;
				GCC_WARN_UNUSED_FUNCTION = YES;
				GCC_WARN_UNUSED_VARIABLE = YES;
				IPHONEOS_DEPLOYMENT_TARGET = 8.1;
				MTL_ENABLE_DEBUG_INFO = NO;
				SDKROOT = iphoneos;
				TARGETED_DEVICE_FAMILY = "1,2";
				VALIDATE_PRODUCT = YES;
			};
			name = Release;
		};
		9F51FD2A1AB1786C00146DCE /* Debug */ = {
			isa = XCBuildConfiguration;
			buildSettings = {
				ASSETCATALOG_COMPILER_APPICON_NAME = AppIcon;
				INFOPLIST_FILE = GCD3/Info.plist;
				LD_RUNPATH_SEARCH_PATHS = "$(inherited) @executable_path/Frameworks";
				PRODUCT_NAME = "$(TARGET_NAME)";
			};
			name = Debug;
		};
		9F51FD2B1AB1786C00146DCE /* Release */ = {
			isa = XCBuildConfiguration;
			buildSettings = {
				ASSETCATALOG_COMPILER_APPICON_NAME = AppIcon;
				INFOPLIST_FILE = GCD3/Info.plist;
				LD_RUNPATH_SEARCH_PATHS = "$(inherited) @executable_path/Frameworks";
				PRODUCT_NAME = "$(TARGET_NAME)";
			};
			name = Release;
		};
		9F51FD2D1AB1786C00146DCE /* Debug */ = {
			isa = XCBuildConfiguration;
			buildSettings = {
				BUNDLE_LOADER = "$(TEST_HOST)";
				FRAMEWORK_SEARCH_PATHS = (
					"$(SDKROOT)/Developer/Library/Frameworks",
					"$(inherited)",
				);
				GCC_PREPROCESSOR_DEFINITIONS = (
					"DEBUG=1",
					"$(inherited)",
				);
				INFOPLIST_FILE = GCD3Tests/Info.plist;
				LD_RUNPATH_SEARCH_PATHS = "$(inherited) @executable_path/Frameworks @loader_path/Frameworks";
				PRODUCT_NAME = "$(TARGET_NAME)";
				TEST_HOST = "$(BUILT_PRODUCTS_DIR)/GCD3.app/GCD3";
			};
			name = Debug;
		};
		9F51FD2E1AB1786C00146DCE /* Release */ = {
			isa = XCBuildConfiguration;
			buildSettings = {
				BUNDLE_LOADER = "$(TEST_HOST)";
				FRAMEWORK_SEARCH_PATHS = (
					"$(SDKROOT)/Developer/Library/Frameworks",
					"$(inherited)",
				);
				INFOPLIST_FILE = GCD3Tests/Info.plist;
				LD_RUNPATH_SEARCH_PATHS = "$(inherited) @executable_path/Frameworks @loader_path/Frameworks";
				PRODUCT_NAME = "$(TARGET_NAME)";
				TEST_HOST = "$(BUILT_PRODUCTS_DIR)/GCD3.app/GCD3";
			};
			name = Release;
		};
/* End XCBuildConfiguration section */

/* Begin XCConfigurationList section */
		9F51FD011AB1786C00146DCE /* Build configuration list for PBXProject "GCD3" */ = {
			isa = XCConfigurationList;
			buildConfigurations = (
				9F51FD271AB1786C00146DCE /* Debug */,
				9F51FD281AB1786C00146DCE /* Release */,
			);
			defaultConfigurationIsVisible = 0;
			defaultConfigurationName = Release;
		};
		9F51FD291AB1786C00146DCE /* Build configuration list for PBXNativeTarget "GCD3" */ = {
			isa = XCConfigurationList;
			buildConfigurations = (
				9F51FD2A1AB1786C00146DCE /* Debug */,
				9F51FD2B1AB1786C00146DCE /* Release */,
			);
			defaultConfigurationIsVisible = 0;
		};
		9F51FD2C1AB1786C00146DCE /* Build configuration list for PBXNativeTarget "GCD3Tests" */ = {
			isa = XCConfigurationList;
			buildConfigurations = (
				9F51FD2D1AB1786C00146DCE /* Debug */,
				9F51FD2E1AB1786C00146DCE /* Release */,
			);
			defaultConfigurationIsVisible = 0;
		};
/* End XCConfigurationList section */
	};
	rootObject = 9F51FCFE1AB1786C00146DCE /* Project object */;
}
