// !$*UTF8*$!
{
	archiveVersion = 1;
	classes = {
	};
	objectVersion = 46;
	objects = {

/* Begin PBXBuildFile section */
		9F4BA1D41AC10CAA00CF6531 /* main.m in Sources */ = {isa = PBXBuildFile; fileRef = 9F4BA1D31AC10CAA00CF6531 /* main.m */; };
		9F4BA1D71AC10CAA00CF6531 /* AppDelegate.m in Sources */ = {isa = PBXBuildFile; fileRef = 9F4BA1D61AC10CAA00CF6531 /* AppDelegate.m */; };
		9F4BA1DA1AC10CAA00CF6531 /* ViewController.m in Sources */ = {isa = PBXBuildFile; fileRef = 9F4BA1D91AC10CAA00CF6531 /* ViewController.m */; };
		9F4BA1DD1AC10CAA00CF6531 /* Main.storyboard in Resources */ = {isa = PBXBuildFile; fileRef = 9F4BA1DB1AC10CAA00CF6531 /* Main.storyboard */; };
		9F4BA1DF1AC10CAA00CF6531 /* Images.xcassets in Resources */ = {isa = PBXBuildFile; fileRef = 9F4BA1DE1AC10CAA00CF6531 /* Images.xcassets */; };
		9F4BA1E21AC10CAA00CF6531 /* LaunchScreen.xib in Resources */ = {isa = PBXBuildFile; fileRef = 9F4BA1E01AC10CAA00CF6531 /* LaunchScreen.xib */; };
		9F4BA1EE1AC10CAA00CF6531 /* RecordTests.m in Sources */ = {isa = PBXBuildFile; fileRef = 9F4BA1ED1AC10CAA00CF6531 /* RecordTests.m */; };
/* End PBXBuildFile section */

/* Begin PBXContainerItemProxy section */
		9F4BA1E81AC10CAA00CF6531 /* PBXContainerItemProxy */ = {
			isa = PBXContainerItemProxy;
			containerPortal = 9F4BA1C61AC10CAA00CF6531 /* Project object */;
			proxyType = 1;
			remoteGlobalIDString = 9F4BA1CD1AC10CAA00CF6531;
			remoteInfo = Record;
		};
/* End PBXContainerItemProxy section */

/* Begin PBXFileReference section */
		9F4BA1CE1AC10CAA00CF6531 /* Record.app */ = {isa = PBXFileReference; explicitFileType = wrapper.application; includeInIndex = 0; path = Record.app; sourceTree = BUILT_PRODUCTS_DIR; };
		9F4BA1D21AC10CAA00CF6531 /* Info.plist */ = {isa = PBXFileReference; lastKnownFileType = text.plist.xml; path = Info.plist; sourceTree = "<group>"; };
		9F4BA1D31AC10CAA00CF6531 /* main.m */ = {isa = PBXFileReference; lastKnownFileType = sourcecode.c.objc; path = main.m; sourceTree = "<group>"; };
		9F4BA1D51AC10CAA00CF6531 /* AppDelegate.h */ = {isa = PBXFileReference; lastKnownFileType = sourcecode.c.h; path = AppDelegate.h; sourceTree = "<group>"; };
		9F4BA1D61AC10CAA00CF6531 /* AppDelegate.m */ = {isa = PBXFileReference; lastKnownFileType = sourcecode.c.objc; path = AppDelegate.m; sourceTree = "<group>"; };
		9F4BA1D81AC10CAA00CF6531 /* ViewController.h */ = {isa = PBXFileReference; lastKnownFileType = sourcecode.c.h; path = ViewController.h; sourceTree = "<group>"; };
		9F4BA1D91AC10CAA00CF6531 /* ViewController.m */ = {isa = PBXFileReference; lastKnownFileType = sourcecode.c.objc; path = ViewController.m; sourceTree = "<group>"; };
		9F4BA1DC1AC10CAA00CF6531 /* Base */ = {isa = PBXFileReference; lastKnownFileType = file.storyboard; name = Base; path = Base.lproj/Main.storyboard; sourceTree = "<group>"; };
		9F4BA1DE1AC10CAA00CF6531 /* Images.xcassets */ = {isa = PBXFileReference; lastKnownFileType = folder.assetcatalog; path = Images.xcassets; sourceTree = "<group>"; };
		9F4BA1E11AC10CAA00CF6531 /* Base */ = {isa = PBXFileReference; lastKnownFileType = file.xib; name = Base; path = Base.lproj/LaunchScreen.xib; sourceTree = "<group>"; };
		9F4BA1E71AC10CAA00CF6531 /* RecordTests.xctest */ = {isa = PBXFileReference; explicitFileType = wrapper.cfbundle; includeInIndex = 0; path = RecordTests.xctest; sourceTree = BUILT_PRODUCTS_DIR; };
		9F4BA1EC1AC10CAA00CF6531 /* Info.plist */ = {isa = PBXFileReference; lastKnownFileType = text.plist.xml; path = Info.plist; sourceTree = "<group>"; };
		9F4BA1ED1AC10CAA00CF6531 /* RecordTests.m */ = {isa = PBXFileReference; lastKnownFileType = sourcecode.c.objc; path = RecordTests.m; sourceTree = "<group>"; };
/* End PBXFileReference section */

/* Begin PBXFrameworksBuildPhase section */
		9F4BA1CB1AC10CAA00CF6531 /* Frameworks */ = {
			isa = PBXFrameworksBuildPhase;
			buildActionMask = 2147483647;
			files = (
			);
			runOnlyForDeploymentPostprocessing = 0;
		};
		9F4BA1E41AC10CAA00CF6531 /* Frameworks */ = {
			isa = PBXFrameworksBuildPhase;
			buildActionMask = 2147483647;
			files = (
			);
			runOnlyForDeploymentPostprocessing = 0;
		};
/* End PBXFrameworksBuildPhase section */

/* Begin PBXGroup section */
		9F4BA1C51AC10CAA00CF6531 = {
			isa = PBXGroup;
			children = (
				9F4BA1D01AC10CAA00CF6531 /* Record */,
				9F4BA1EA1AC10CAA00CF6531 /* RecordTests */,
				9F4BA1CF1AC10CAA00CF6531 /* Products */,
			);
			sourceTree = "<group>";
		};
		9F4BA1CF1AC10CAA00CF6531 /* Products */ = {
			isa = PBXGroup;
			children = (
				9F4BA1CE1AC10CAA00CF6531 /* Record.app */,
				9F4BA1E71AC10CAA00CF6531 /* RecordTests.xctest */,
			);
			name = Products;
			sourceTree = "<group>";
		};
		9F4BA1D01AC10CAA00CF6531 /* Record */ = {
			isa = PBXGroup;
			children = (
				9F4BA1D51AC10CAA00CF6531 /* AppDelegate.h */,
				9F4BA1D61AC10CAA00CF6531 /* AppDelegate.m */,
				9F4BA1D81AC10CAA00CF6531 /* ViewController.h */,
				9F4BA1D91AC10CAA00CF6531 /* ViewController.m */,
				9F4BA1DB1AC10CAA00CF6531 /* Main.storyboard */,
				9F4BA1DE1AC10CAA00CF6531 /* Images.xcassets */,
				9F4BA1E01AC10CAA00CF6531 /* LaunchScreen.xib */,
				9F4BA1D11AC10CAA00CF6531 /* Supporting Files */,
			);
			path = Record;
			sourceTree = "<group>";
		};
		9F4BA1D11AC10CAA00CF6531 /* Supporting Files */ = {
			isa = PBXGroup;
			children = (
				9F4BA1D21AC10CAA00CF6531 /* Info.plist */,
				9F4BA1D31AC10CAA00CF6531 /* main.m */,
			);
			name = "Supporting Files";
			sourceTree = "<group>";
		};
		9F4BA1EA1AC10CAA00CF6531 /* RecordTests */ = {
			isa = PBXGroup;
			children = (
				9F4BA1ED1AC10CAA00CF6531 /* RecordTests.m */,
				9F4BA1EB1AC10CAA00CF6531 /* Supporting Files */,
			);
			path = RecordTests;
			sourceTree = "<group>";
		};
		9F4BA1EB1AC10CAA00CF6531 /* Supporting Files */ = {
			isa = PBXGroup;
			children = (
				9F4BA1EC1AC10CAA00CF6531 /* Info.plist */,
			);
			name = "Supporting Files";
			sourceTree = "<group>";
		};
/* End PBXGroup section */

/* Begin PBXNativeTarget section */
		9F4BA1CD1AC10CAA00CF6531 /* Record */ = {
			isa = PBXNativeTarget;
			buildConfigurationList = 9F4BA1F11AC10CAA00CF6531 /* Build configuration list for PBXNativeTarget "Record" */;
			buildPhases = (
				9F4BA1CA1AC10CAA00CF6531 /* Sources */,
				9F4BA1CB1AC10CAA00CF6531 /* Frameworks */,
				9F4BA1CC1AC10CAA00CF6531 /* Resources */,
			);
			buildRules = (
			);
			dependencies = (
			);
			name = Record;
			productName = Record;
			productReference = 9F4BA1CE1AC10CAA00CF6531 /* Record.app */;
			productType = "com.apple.product-type.application";
		};
		9F4BA1E61AC10CAA00CF6531 /* RecordTests */ = {
			isa = PBXNativeTarget;
			buildConfigurationList = 9F4BA1F41AC10CAA00CF6531 /* Build configuration list for PBXNativeTarget "RecordTests" */;
			buildPhases = (
				9F4BA1E31AC10CAA00CF6531 /* Sources */,
				9F4BA1E41AC10CAA00CF6531 /* Frameworks */,
				9F4BA1E51AC10CAA00CF6531 /* Resources */,
			);
			buildRules = (
			);
			dependencies = (
				9F4BA1E91AC10CAA00CF6531 /* PBXTargetDependency */,
			);
			name = RecordTests;
			productName = RecordTests;
			productReference = 9F4BA1E71AC10CAA00CF6531 /* RecordTests.xctest */;
			productType = "com.apple.product-type.bundle.unit-test";
		};
/* End PBXNativeTarget section */

/* Begin PBXProject section */
		9F4BA1C61AC10CAA00CF6531 /* Project object */ = {
			isa = PBXProject;
			attributes = {
				LastUpgradeCheck = 0610;
				ORGANIZATIONNAME = test;
				TargetAttributes = {
					9F4BA1CD1AC10CAA00CF6531 = {
						CreatedOnToolsVersion = 6.1;
					};
					9F4BA1E61AC10CAA00CF6531 = {
						CreatedOnToolsVersion = 6.1;
						TestTargetID = 9F4BA1CD1AC10CAA00CF6531;
					};
				};
			};
			buildConfigurationList = 9F4BA1C91AC10CAA00CF6531 /* Build configuration list for PBXProject "Record" */;
			compatibilityVersion = "Xcode 3.2";
			developmentRegion = English;
			hasScannedForEncodings = 0;
			knownRegions = (
				en,
				Base,
			);
			mainGroup = 9F4BA1C51AC10CAA00CF6531;
			productRefGroup = 9F4BA1CF1AC10CAA00CF6531 /* Products */;
			projectDirPath = "";
			projectRoot = "";
			targets = (
				9F4BA1CD1AC10CAA00CF6531 /* Record */,
				9F4BA1E61AC10CAA00CF6531 /* RecordTests */,
			);
		};
/* End PBXProject section */

/* Begin PBXResourcesBuildPhase section */
		9F4BA1CC1AC10CAA00CF6531 /* Resources */ = {
			isa = PBXResourcesBuildPhase;
			buildActionMask = 2147483647;
			files = (
				9F4BA1DD1AC10CAA00CF6531 /* Main.storyboard in Resources */,
				9F4BA1E21AC10CAA00CF6531 /* LaunchScreen.xib in Resources */,
				9F4BA1DF1AC10CAA00CF6531 /* Images.xcassets in Resources */,
			);
			runOnlyForDeploymentPostprocessing = 0;
		};
		9F4BA1E51AC10CAA00CF6531 /* Resources */ = {
			isa = PBXResourcesBuildPhase;
			buildActionMask = 2147483647;
			files = (
			);
			runOnlyForDeploymentPostprocessing = 0;
		};
/* End PBXResourcesBuildPhase section */

/* Begin PBXSourcesBuildPhase section */
		9F4BA1CA1AC10CAA00CF6531 /* Sources */ = {
			isa = PBXSourcesBuildPhase;
			buildActionMask = 2147483647;
			files = (
				9F4BA1DA1AC10CAA00CF6531 /* ViewController.m in Sources */,
				9F4BA1D71AC10CAA00CF6531 /* AppDelegate.m in Sources */,
				9F4BA1D41AC10CAA00CF6531 /* main.m in Sources */,
			);
			runOnlyForDeploymentPostprocessing = 0;
		};
		9F4BA1E31AC10CAA00CF6531 /* Sources */ = {
			isa = PBXSourcesBuildPhase;
			buildActionMask = 2147483647;
			files = (
				9F4BA1EE1AC10CAA00CF6531 /* RecordTests.m in Sources */,
			);
			runOnlyForDeploymentPostprocessing = 0;
		};
/* End PBXSourcesBuildPhase section */

/* Begin PBXTargetDependency section */
		9F4BA1E91AC10CAA00CF6531 /* PBXTargetDependency */ = {
			isa = PBXTargetDependency;
			target = 9F4BA1CD1AC10CAA00CF6531 /* Record */;
			targetProxy = 9F4BA1E81AC10CAA00CF6531 /* PBXContainerItemProxy */;
		};
/* End PBXTargetDependency section */

/* Begin PBXVariantGroup section */
		9F4BA1DB1AC10CAA00CF6531 /* Main.storyboard */ = {
			isa = PBXVariantGroup;
			children = (
				9F4BA1DC1AC10CAA00CF6531 /* Base */,
			);
			name = Main.storyboard;
			sourceTree = "<group>";
		};
		9F4BA1E01AC10CAA00CF6531 /* LaunchScreen.xib */ = {
			isa = PBXVariantGroup;
			children = (
				9F4BA1E11AC10CAA00CF6531 /* Base */,
			);
			name = LaunchScreen.xib;
			sourceTree = "<group>";
		};
/* End PBXVariantGroup section */

/* Begin XCBuildConfiguration section */
		9F4BA1EF1AC10CAA00CF6531 /* Debug */ = {
			isa = XCBuildConfiguration;
			buildSettings = {
				ALWAYS_SEARCH_USER_PATHS = NO;
				CLANG_CXX_LANGUAGE_STANDARD = "gnu++0x";
				CLANG_CXX_LIBRARY = "libc++";
				CLANG_ENABLE_MODULES = YES;
				CLANG_ENABLE_OBJC_ARC = YES;
				CLANG_WARN_BOOL_CONVERSION = YES;
				CLANG_WARN_CONSTANT_CONVERSION = YES;
				CLANG_WARN_DIRECT_OBJC_ISA_USAGE = YES_ERROR;
				CLANG_WARN_EMPTY_BODY = YES;
				CLANG_WARN_ENUM_CONVERSION = YES;
				CLANG_WARN_INT_CONVERSION = YES;
				CLANG_WARN_OBJC_ROOT_CLASS = YES_ERROR;
				CLANG_WARN_UNREACHABLE_CODE = YES;
				CLANG_WARN__DUPLICATE_METHOD_MATCH = YES;
				"CODE_SIGN_IDENTITY[sdk=iphoneos*]" = "iPhone Developer";
				COPY_PHASE_STRIP = NO;
				ENABLE_STRICT_OBJC_MSGSEND = YES;
				GCC_C_LANGUAGE_STANDARD = gnu99;
				GCC_DYNAMIC_NO_PIC = NO;
				GCC_OPTIMIZATION_LEVEL = 0;
				GCC_PREPROCESSOR_DEFINITIONS = (
					"DEBUG=1",
					"$(inherited)",
				);
				GCC_SYMBOLS_PRIVATE_EXTERN = NO;
				GCC_WARN_64_TO_32_BIT_CONVERSION = YES;
				GCC_WARN_ABOUT_RETURN_TYPE = YES_ERROR;
				GCC_WARN_UNDECLARED_SELECTOR = YES;
				GCC_WARN_UNINITIALIZED_AUTOS = YES_AGGRESSIVE;
				GCC_WARN_UNUSED_FUNCTION = YES;
				GCC_WARN_UNUSED_VARIABLE = YES;
				IPHONEOS_DEPLOYMENT_TARGET = 8.1;
				MTL_ENABLE_DEBUG_INFO = YES;
				ONLY_ACTIVE_ARCH = YES;
				SDKROOT = iphoneos;
				TARGETED_DEVICE_FAMILY = "1,2";
			};
			name = Debug;
		};
		9F4BA1F01AC10CAA00CF6531 /* Release */ = {
			isa = XCBuildConfiguration;
			buildSettings = {
				ALWAYS_SEARCH_USER_PATHS = NO;
				CLANG_CXX_LANGUAGE_STANDARD = "gnu++0x";
				CLANG_CXX_LIBRARY = "libc++";
				CLANG_ENABLE_MODULES = YES;
				CLANG_ENABLE_OBJC_ARC = YES;
				CLANG_WARN_BOOL_CONVERSION = YES;
				CLANG_WARN_CONSTANT_CONVERSION = YES;
				CLANG_WARN_DIRECT_OBJC_ISA_USAGE = YES_ERROR;
				CLANG_WARN_EMPTY_BODY = YES;
				CLANG_WARN_ENUM_CONVERSION = YES;
				CLANG_WARN_INT_CONVERSION = YES;
				CLANG_WARN_OBJC_ROOT_CLASS = YES_ERROR;
				CLANG_WARN_UNREACHABLE_CODE = YES;
				CLANG_WARN__DUPLICATE_METHOD_MATCH = YES;
				"CODE_SIGN_IDENTITY[sdk=iphoneos*]" = "iPhone Developer";
				COPY_PHASE_STRIP = YES;
				ENABLE_NS_ASSERTIONS = NO;
				ENABLE_STRICT_OBJC_MSGSEND = YES;
				GCC_C_LANGUAGE_STANDARD = gnu99;
				GCC_WARN_64_TO_32_BIT_CONVERSION = YES;
				GCC_WARN_ABOUT_RETURN_TYPE = YES_ERROR;
				GCC_WARN_UNDECLARED_SELECTOR = YES;
				GCC_WARN_UNINITIALIZED_AUTOS = YES_AGGRESSIVE;
				GCC_WARN_UNUSED_FUNCTION = YES;
				GCC_WARN_UNUSED_VARIABLE = YES;
				IPHONEOS_DEPLOYMENT_TARGET = 8.1;
				MTL_ENABLE_DEBUG_INFO = NO;
				SDKROOT = iphoneos;
				TARGETED_DEVICE_FAMILY = "1,2";
				VALIDATE_PRODUCT = YES;
			};
			name = Release;
		};
		9F4BA1F21AC10CAA00CF6531 /* Debug */ = {
			isa = XCBuildConfiguration;
			buildSettings = {
				ASSETCATALOG_COMPILER_APPICON_NAME = AppIcon;
				INFOPLIST_FILE = Record/Info.plist;
				LD_RUNPATH_SEARCH_PATHS = "$(inherited) @executable_path/Frameworks";
				PRODUCT_NAME = "$(TARGET_NAME)";
			};
			name = Debug;
		};
		9F4BA1F31AC10CAA00CF6531 /* Release */ = {
			isa = XCBuildConfiguration;
			buildSettings = {
				ASSETCATALOG_COMPILER_APPICON_NAME = AppIcon;
				INFOPLIST_FILE = Record/Info.plist;
				LD_RUNPATH_SEARCH_PATHS = "$(inherited) @executable_path/Frameworks";
				PRODUCT_NAME = "$(TARGET_NAME)";
			};
			name = Release;
		};
		9F4BA1F51AC10CAA00CF6531 /* Debug */ = {
			isa = XCBuildConfiguration;
			buildSettings = {
				BUNDLE_LOADER = "$(TEST_HOST)";
				FRAMEWORK_SEARCH_PATHS = (
					"$(SDKROOT)/Developer/Library/Frameworks",
					"$(inherited)",
				);
				GCC_PREPROCESSOR_DEFINITIONS = (
					"DEBUG=1",
					"$(inherited)",
				);
				INFOPLIST_FILE = RecordTests/Info.plist;
				LD_RUNPATH_SEARCH_PATHS = "$(inherited) @executable_path/Frameworks @loader_path/Frameworks";
				PRODUCT_NAME = "$(TARGET_NAME)";
				TEST_HOST = "$(BUILT_PRODUCTS_DIR)/Record.app/Record";
			};
			name = Debug;
		};
		9F4BA1F61AC10CAA00CF6531 /* Release */ = {
			isa = XCBuildConfiguration;
			buildSettings = {
				BUNDLE_LOADER = "$(TEST_HOST)";
				FRAMEWORK_SEARCH_PATHS = (
					"$(SDKROOT)/Developer/Library/Frameworks",
					"$(inherited)",
				);
				INFOPLIST_FILE = RecordTests/Info.plist;
				LD_RUNPATH_SEARCH_PATHS = "$(inherited) @executable_path/Frameworks @loader_path/Frameworks";
				PRODUCT_NAME = "$(TARGET_NAME)";
				TEST_HOST = "$(BUILT_PRODUCTS_DIR)/Record.app/Record";
			};
			name = Release;
		};
/* End XCBuildConfiguration section */

/* Begin XCConfigurationList section */
		9F4BA1C91AC10CAA00CF6531 /* Build configuration list for PBXProject "Record" */ = {
			isa = XCConfigurationList;
			buildConfigurations = (
				9F4BA1EF1AC10CAA00CF6531 /* Debug */,
				9F4BA1F01AC10CAA00CF6531 /* Release */,
			);
			defaultConfigurationIsVisible = 0;
			defaultConfigurationName = Release;
		};
		9F4BA1F11AC10CAA00CF6531 /* Build configuration list for PBXNativeTarget "Record" */ = {
			isa = XCConfigurationList;
			buildConfigurations = (
				9F4BA1F21AC10CAA00CF6531 /* Debug */,
				9F4BA1F31AC10CAA00CF6531 /* Release */,
			);
			defaultConfigurationIsVisible = 0;
		};
		9F4BA1F41AC10CAA00CF6531 /* Build configuration list for PBXNativeTarget "RecordTests" */ = {
			isa = XCConfigurationList;
			buildConfigurations = (
				9F4BA1F51AC10CAA00CF6531 /* Debug */,
				9F4BA1F61AC10CAA00CF6531 /* Release */,
			);
			defaultConfigurationIsVisible = 0;
		};
/* End XCConfigurationList section */
	};
	rootObject = 9F4BA1C61AC10CAA00CF6531 /* Project object */;
}
